
Microsoft Visual Studio Solution File, Format Version 12.00
# Visual Studio Version 16
VisualStudioVersion = 16.0.31624.102
MinimumVisualStudioVersion = 10.0.40219.1
Project("{FAE04EC0-301F-11D3-BF4B-00C04F79EFBC}") = "open tab", "open tab.csproj", "{A30FCB10-9741-40F7-88BF-8C491BFF7C68}"
EndProject
Global
	GlobalSection(SolutionConfigurationPlatforms) = preSolution
		Debug|Any CPU = Debug|Any CPU
		Release|Any CPU = Release|Any CPU
	EndGlobalSection
	GlobalSection(ProjectConfigurationPlatforms) = postSolution
		{A30FCB10-9741-40F7-88BF-8C491BFF7C68}.Debug|Any CPU.ActiveCfg = Debug|Any CPU
		{A30FCB10-9741-40F7-88BF-8C491BFF7C68}.Debug|Any CPU.Build.0 = Debug|Any CPU
		{A30FCB10-9741-40F7-88BF-8C491BFF7C68}.Release|Any CPU.ActiveCfg = Release|Any CPU
		{A30FCB10-9741-40F7-88BF-8C491BFF7C68}.Release|Any CPU.Build.0 = Release|Any CPU
	EndGlobalSection
	GlobalSection(SolutionProperties) = preSolution
		HideSolutionNode = FALSE
	EndGlobalSection
	GlobalSection(ExtensibilityGlobals) = postSolution
		SolutionGuid = {136E7715-5ED8-4D46-9814-91A63A48FD51}
	EndGlobalSection
EndGlobal
